// !$*UTF8*$!
{
	archiveVersion = 1;
	classes = {
	};
	objectVersion = 55;
	objects = {

/* Begin PBXBuildFile section */
		840D1E0228BC8B6D0088A665 /* Bootcamp#19State.swift in Sources */ = {isa = PBXBuildFile; fileRef = 840D1E0128BC8B6D0088A665 /* Bootcamp#19State.swift */; };
		C249EB9E28C1BAFD003EC045 /* 52AppStorageBootcamp.swift in Sources */ = {isa = PBXBuildFile; fileRef = C249EB9D28C1BAFD003EC045 /* 52AppStorageBootcamp.swift */; };
		C249EBA028C1DD0A003EC045 /* NavigationView30.swift in Sources */ = {isa = PBXBuildFile; fileRef = C249EB9F28C1DD0A003EC045 /* NavigationView30.swift */; };
		C249EBA428C1ED77003EC045 /* AnimaitonBootcamp.swift in Sources */ = {isa = PBXBuildFile; fileRef = C249EBA328C1ED77003EC045 /* AnimaitonBootcamp.swift */; };
		C26D7B3F28BDFF5D00788E0C /* BootcampViewModel.swift in Sources */ = {isa = PBXBuildFile; fileRef = C26D7B3E28BDFF5D00788E0C /* BootcampViewModel.swift */; };
		C26D7B4228BE1C6100788E0C /* FruitModel.swift in Sources */ = {isa = PBXBuildFile; fileRef = C26D7B4128BE1C6100788E0C /* FruitModel.swift */; };
		C281D14028BE3E8100CB4224 /* Bootcamp31List.swift in Sources */ = {isa = PBXBuildFile; fileRef = C281D13F28BE3E8100CB4224 /* Bootcamp31List.swift */; };
		C281D14228BF8D6F00CB4224 /* BootcampEnvironmentObject.swift in Sources */ = {isa = PBXBuildFile; fileRef = C281D14128BF8D6F00CB4224 /* BootcampEnvironmentObject.swift */; };
		C292598528BB627E001134BE /* Bootcamp#13Initializer.swift in Sources */ = {isa = PBXBuildFile; fileRef = C292598428BB627E001134BE /* Bootcamp#13Initializer.swift */; };
		C2B9B8A028BB46C5002856D3 /* GithubDemoApp.swift in Sources */ = {isa = PBXBuildFile; fileRef = C2B9B89F28BB46C5002856D3 /* GithubDemoApp.swift */; };
		C2B9B8A228BB46C5002856D3 /* MainView.swift in Sources */ = {isa = PBXBuildFile; fileRef = C2B9B8A128BB46C5002856D3 /* MainView.swift */; };
		C2B9B8A428BB46C7002856D3 /* Assets.xcassets in Resources */ = {isa = PBXBuildFile; fileRef = C2B9B8A328BB46C7002856D3 /* Assets.xcassets */; };
		C2B9B8A728BB46C7002856D3 /* Preview Assets.xcassets in Resources */ = {isa = PBXBuildFile; fileRef = C2B9B8A628BB46C7002856D3 /* Preview Assets.xcassets */; };
		C2B9B8B028BB49A4002856D3 /* SecondView.swift in Sources */ = {isa = PBXBuildFile; fileRef = C2B9B8AF28BB49A4002856D3 /* SecondView.swift */; };
/* End PBXBuildFile section */

/* Begin PBXFileReference section */
		840D1E0128BC8B6D0088A665 /* Bootcamp#19State.swift */ = {isa = PBXFileReference; lastKnownFileType = sourcecode.swift; path = "Bootcamp#19State.swift"; sourceTree = "<group>"; };
		C249EB9D28C1BAFD003EC045 /* 52AppStorageBootcamp.swift */ = {isa = PBXFileReference; lastKnownFileType = sourcecode.swift; path = 52AppStorageBootcamp.swift; sourceTree = "<group>"; };
		C249EB9F28C1DD0A003EC045 /* NavigationView30.swift */ = {isa = PBXFileReference; lastKnownFileType = sourcecode.swift; path = NavigationView30.swift; sourceTree = "<group>"; };
		C249EBA328C1ED77003EC045 /* AnimaitonBootcamp.swift */ = {isa = PBXFileReference; lastKnownFileType = sourcecode.swift; path = AnimaitonBootcamp.swift; sourceTree = "<group>"; };
		C26D7B3E28BDFF5D00788E0C /* BootcampViewModel.swift */ = {isa = PBXFileReference; lastKnownFileType = sourcecode.swift; path = BootcampViewModel.swift; sourceTree = "<group>"; };
		C26D7B4128BE1C6100788E0C /* FruitModel.swift */ = {isa = PBXFileReference; lastKnownFileType = sourcecode.swift; path = FruitModel.swift; sourceTree = "<group>"; };
		C281D13F28BE3E8100CB4224 /* Bootcamp31List.swift */ = {isa = PBXFileReference; lastKnownFileType = sourcecode.swift; path = Bootcamp31List.swift; sourceTree = "<group>"; };
		C281D14128BF8D6F00CB4224 /* BootcampEnvironmentObject.swift */ = {isa = PBXFileReference; lastKnownFileType = sourcecode.swift; path = BootcampEnvironmentObject.swift; sourceTree = "<group>"; };
		C292598428BB627E001134BE /* Bootcamp#13Initializer.swift */ = {isa = PBXFileReference; lastKnownFileType = sourcecode.swift; path = "Bootcamp#13Initializer.swift"; sourceTree = "<group>"; };
		C2B9B89C28BB46C5002856D3 /* GithubDemo.app */ = {isa = PBXFileReference; explicitFileType = wrapper.application; includeInIndex = 0; path = GithubDemo.app; sourceTree = BUILT_PRODUCTS_DIR; };
		C2B9B89F28BB46C5002856D3 /* GithubDemoApp.swift */ = {isa = PBXFileReference; lastKnownFileType = sourcecode.swift; path = GithubDemoApp.swift; sourceTree = "<group>"; };
		C2B9B8A128BB46C5002856D3 /* MainView.swift */ = {isa = PBXFileReference; lastKnownFileType = sourcecode.swift; path = MainView.swift; sourceTree = "<group>"; };
		C2B9B8A328BB46C7002856D3 /* Assets.xcassets */ = {isa = PBXFileReference; lastKnownFileType = folder.assetcatalog; path = Assets.xcassets; sourceTree = "<group>"; };
		C2B9B8A628BB46C7002856D3 /* Preview Assets.xcassets */ = {isa = PBXFileReference; lastKnownFileType = folder.assetcatalog; path = "Preview Assets.xcassets"; sourceTree = "<group>"; };
		C2B9B8AF28BB49A4002856D3 /* SecondView.swift */ = {isa = PBXFileReference; lastKnownFileType = sourcecode.swift; path = SecondView.swift; sourceTree = "<group>"; };
/* End PBXFileReference section */

/* Begin PBXFrameworksBuildPhase section */
		C2B9B89928BB46C5002856D3 /* Frameworks */ = {
			isa = PBXFrameworksBuildPhase;
			buildActionMask = 2147483647;
			files = (
			);
			runOnlyForDeploymentPostprocessing = 0;
		};
/* End PBXFrameworksBuildPhase section */

/* Begin PBXGroup section */
		C26D7B4028BDFF7300788E0C /* ObservableObject&StateObject */ = {
			isa = PBXGroup;
			children = (
				C26D7B3E28BDFF5D00788E0C /* BootcampViewModel.swift */,
				C26D7B4128BE1C6100788E0C /* FruitModel.swift */,
			);
			path = "ObservableObject&StateObject";
			sourceTree = "<group>";
		};
		C2B9B89328BB46C5002856D3 = {
			isa = PBXGroup;
			children = (
				C2B9B89E28BB46C5002856D3 /* GithubDemo */,
				C2B9B89D28BB46C5002856D3 /* Products */,
			);
			sourceTree = "<group>";
		};
		C2B9B89D28BB46C5002856D3 /* Products */ = {
			isa = PBXGroup;
			children = (
				C2B9B89C28BB46C5002856D3 /* GithubDemo.app */,
			);
			name = Products;
			sourceTree = "<group>";
		};
		C2B9B89E28BB46C5002856D3 /* GithubDemo */ = {
			isa = PBXGroup;
			children = (
				C292598428BB627E001134BE /* Bootcamp#13Initializer.swift */,
				C281D14128BF8D6F00CB4224 /* BootcampEnvironmentObject.swift */,
				C249EB9D28C1BAFD003EC045 /* 52AppStorageBootcamp.swift */,
				C26D7B4028BDFF7300788E0C /* ObservableObject&StateObject */,
				C281D13F28BE3E8100CB4224 /* Bootcamp31List.swift */,
				840D1E0128BC8B6D0088A665 /* Bootcamp#19State.swift */,
				C2B9B89F28BB46C5002856D3 /* GithubDemoApp.swift */,
				C249EB9F28C1DD0A003EC045 /* NavigationView30.swift */,
				C2B9B8AF28BB49A4002856D3 /* SecondView.swift */,
				C249EBA328C1ED77003EC045 /* AnimaitonBootcamp.swift */,
				C2B9B8A128BB46C5002856D3 /* MainView.swift */,
				C2B9B8A328BB46C7002856D3 /* Assets.xcassets */,
				C2B9B8A528BB46C7002856D3 /* Preview Content */,
			);
			path = GithubDemo;
			sourceTree = "<group>";
		};
		C2B9B8A528BB46C7002856D3 /* Preview Content */ = {
			isa = PBXGroup;
			children = (
				C2B9B8A628BB46C7002856D3 /* Preview Assets.xcassets */,
			);
			path = "Preview Content";
			sourceTree = "<group>";
		};
/* End PBXGroup section */

/* Begin PBXNativeTarget section */
		C2B9B89B28BB46C5002856D3 /* GithubDemo */ = {
			isa = PBXNativeTarget;
			buildConfigurationList = C2B9B8AA28BB46C7002856D3 /* Build configuration list for PBXNativeTarget "GithubDemo" */;
			buildPhases = (
				C2B9B89828BB46C5002856D3 /* Sources */,
				C2B9B89928BB46C5002856D3 /* Frameworks */,
				C2B9B89A28BB46C5002856D3 /* Resources */,
			);
			buildRules = (
			);
			dependencies = (
			);
			name = GithubDemo;
			productName = GithubDemo;
			productReference = C2B9B89C28BB46C5002856D3 /* GithubDemo.app */;
			productType = "com.apple.product-type.application";
		};
/* End PBXNativeTarget section */

/* Begin PBXProject section */
		C2B9B89428BB46C5002856D3 /* Project object */ = {
			isa = PBXProject;
			attributes = {
				BuildIndependentTargetsInParallel = 1;
				LastSwiftUpdateCheck = 1340;
				LastUpgradeCheck = 1340;
				TargetAttributes = {
					C2B9B89B28BB46C5002856D3 = {
						CreatedOnToolsVersion = 13.4.1;
					};
				};
			};
			buildConfigurationList = C2B9B89728BB46C5002856D3 /* Build configuration list for PBXProject "GithubDemo" */;
			compatibilityVersion = "Xcode 13.0";
			developmentRegion = en;
			hasScannedForEncodings = 0;
			knownRegions = (
				en,
				Base,
			);
			mainGroup = C2B9B89328BB46C5002856D3;
			productRefGroup = C2B9B89D28BB46C5002856D3 /* Products */;
			projectDirPath = "";
			projectRoot = "";
			targets = (
				C2B9B89B28BB46C5002856D3 /* GithubDemo */,
			);
		};
/* End PBXProject section */

/* Begin PBXResourcesBuildPhase section */
		C2B9B89A28BB46C5002856D3 /* Resources */ = {
			isa = PBXResourcesBuildPhase;
			buildActionMask = 2147483647;
			files = (
				C2B9B8A728BB46C7002856D3 /* Preview Assets.xcassets in Resources */,
				C2B9B8A428BB46C7002856D3 /* Assets.xcassets in Resources */,
			);
			runOnlyForDeploymentPostprocessing = 0;
		};
/* End PBXResourcesBuildPhase section */

/* Begin PBXSourcesBuildPhase section */
		C2B9B89828BB46C5002856D3 /* Sources */ = {
			isa = PBXSourcesBuildPhase;
			buildActionMask = 2147483647;
			files = (
				C2B9B8B028BB49A4002856D3 /* SecondView.swift in Sources */,
				C249EB9E28C1BAFD003EC045 /* 52AppStorageBootcamp.swift in Sources */,
				C26D7B4228BE1C6100788E0C /* FruitModel.swift in Sources */,
				C2B9B8A228BB46C5002856D3 /* MainView.swift in Sources */,
				C2B9B8A028BB46C5002856D3 /* GithubDemoApp.swift in Sources */,
				C281D14028BE3E8100CB4224 /* Bootcamp31List.swift in Sources */,
				C249EBA028C1DD0A003EC045 /* NavigationView30.swift in Sources */,
				C249EBA428C1ED77003EC045 /* AnimaitonBootcamp.swift in Sources */,
				C26D7B3F28BDFF5D00788E0C /* BootcampViewModel.swift in Sources */,
				C292598528BB627E001134BE /* Bootcamp#13Initializer.swift in Sources */,
				C281D14228BF8D6F00CB4224 /* BootcampEnvironmentObject.swift in Sources */,
				840D1E0228BC8B6D0088A665 /* Bootcamp#19State.swift in Sources */,
			);
			runOnlyForDeploymentPostprocessing = 0;
		};
/* End PBXSourcesBuildPhase section */

/* Begin XCBuildConfiguration section */
		C2B9B8A828BB46C7002856D3 /* Debug */ = {
			isa = XCBuildConfiguration;
			buildSettings = {
				ALWAYS_SEARCH_USER_PATHS = NO;
				CLANG_ANALYZER_NONNULL = YES;
				CLANG_ANALYZER_NUMBER_OBJECT_CONVERSION = YES_AGGRESSIVE;
				CLANG_CXX_LANGUAGE_STANDARD = "gnu++17";
				CLANG_ENABLE_MODULES = YES;
				CLANG_ENABLE_OBJC_ARC = YES;
				CLANG_ENABLE_OBJC_WEAK = YES;
				CLANG_WARN_BLOCK_CAPTURE_AUTORELEASING = YES;
				CLANG_WARN_BOOL_CONVERSION = YES;
				CLANG_WARN_COMMA = YES;
				CLANG_WARN_CONSTANT_CONVERSION = YES;
				CLANG_WARN_DEPRECATED_OBJC_IMPLEMENTATIONS = YES;
				CLANG_WARN_DIRECT_OBJC_ISA_USAGE = YES_ERROR;
				CLANG_WARN_DOCUMENTATION_COMMENTS = YES;
				CLANG_WARN_EMPTY_BODY = YES;
				CLANG_WARN_ENUM_CONVERSION = YES;
				CLANG_WARN_INFINITE_RECURSION = YES;
				CLANG_WARN_INT_CONVERSION = YES;
				CLANG_WARN_NON_LITERAL_NULL_CONVERSION = YES;
				CLANG_WARN_OBJC_IMPLICIT_RETAIN_SELF = YES;
				CLANG_WARN_OBJC_LITERAL_CONVERSION = YES;
				CLANG_WARN_OBJC_ROOT_CLASS = YES_ERROR;
				CLANG_WARN_QUOTED_INCLUDE_IN_FRAMEWORK_HEADER = YES;
				CLANG_WARN_RANGE_LOOP_ANALYSIS = YES;
				CLANG_WARN_STRICT_PROTOTYPES = YES;
				CLANG_WARN_SUSPICIOUS_MOVE = YES;
				CLANG_WARN_UNGUARDED_AVAILABILITY = YES_AGGRESSIVE;
				CLANG_WARN_UNREACHABLE_CODE = YES;
				CLANG_WARN__DUPLICATE_METHOD_MATCH = YES;
				COPY_PHASE_STRIP = NO;
				DEBUG_INFORMATION_FORMAT = dwarf;
				ENABLE_STRICT_OBJC_MSGSEND = YES;
				ENABLE_TESTABILITY = YES;
				GCC_C_LANGUAGE_STANDARD = gnu11;
				GCC_DYNAMIC_NO_PIC = NO;
				GCC_NO_COMMON_BLOCKS = YES;
				GCC_OPTIMIZATION_LEVEL = 0;
				GCC_PREPROCESSOR_DEFINITIONS = (
					"DEBUG=1",
					"$(inherited)",
				);
				GCC_WARN_64_TO_32_BIT_CONVERSION = YES;
				GCC_WARN_ABOUT_RETURN_TYPE = YES_ERROR;
				GCC_WARN_UNDECLARED_SELECTOR = YES;
				GCC_WARN_UNINITIALIZED_AUTOS = YES_AGGRESSIVE;
				GCC_WARN_UNUSED_FUNCTION = YES;
				GCC_WARN_UNUSED_VARIABLE = YES;
				IPHONEOS_DEPLOYMENT_TARGET = 15.5;
				MTL_ENABLE_DEBUG_INFO = INCLUDE_SOURCE;
				MTL_FAST_MATH = YES;
				ONLY_ACTIVE_ARCH = YES;
				SDKROOT = iphoneos;
				SWIFT_ACTIVE_COMPILATION_CONDITIONS = DEBUG;
				SWIFT_OPTIMIZATION_LEVEL = "-Onone";
			};
			name = Debug;
		};
		C2B9B8A928BB46C7002856D3 /* Release */ = {
			isa = XCBuildConfiguration;
			buildSettings = {
				ALWAYS_SEARCH_USER_PATHS = NO;
				CLANG_ANALYZER_NONNULL = YES;
				CLANG_ANALYZER_NUMBER_OBJECT_CONVERSION = YES_AGGRESSIVE;
				CLANG_CXX_LANGUAGE_STANDARD = "gnu++17";
				CLANG_ENABLE_MODULES = YES;
				CLANG_ENABLE_OBJC_ARC = YES;
				CLANG_ENABLE_OBJC_WEAK = YES;
				CLANG_WARN_BLOCK_CAPTURE_AUTORELEASING = YES;
				CLANG_WARN_BOOL_CONVERSION = YES;
				CLANG_WARN_COMMA = YES;
				CLANG_WARN_CONSTANT_CONVERSION = YES;
				CLANG_WARN_DEPRECATED_OBJC_IMPLEMENTATIONS = YES;
				CLANG_WARN_DIRECT_OBJC_ISA_USAGE = YES_ERROR;
				CLANG_WARN_DOCUMENTATION_COMMENTS = YES;
				CLANG_WARN_EMPTY_BODY = YES;
				CLANG_WARN_ENUM_CONVERSION = YES;
				CLANG_WARN_INFINITE_RECURSION = YES;
				CLANG_WARN_INT_CONVERSION = YES;
				CLANG_WARN_NON_LITERAL_NULL_CONVERSION = YES;
				CLANG_WARN_OBJC_IMPLICIT_RETAIN_SELF = YES;
				CLANG_WARN_OBJC_LITERAL_CONVERSION = YES;
				CLANG_WARN_OBJC_ROOT_CLASS = YES_ERROR;
				CLANG_WARN_QUOTED_INCLUDE_IN_FRAMEWORK_HEADER = YES;
				CLANG_WARN_RANGE_LOOP_ANALYSIS = YES;
				CLANG_WARN_STRICT_PROTOTYPES = YES;
				CLANG_WARN_SUSPICIOUS_MOVE = YES;
				CLANG_WARN_UNGUARDED_AVAILABILITY = YES_AGGRESSIVE;
				CLANG_WARN_UNREACHABLE_CODE = YES;
				CLANG_WARN__DUPLICATE_METHOD_MATCH = YES;
				COPY_PHASE_STRIP = NO;
				DEBUG_INFORMATION_FORMAT = "dwarf-with-dsym";
				ENABLE_NS_ASSERTIONS = NO;
				ENABLE_STRICT_OBJC_MSGSEND = YES;
				GCC_C_LANGUAGE_STANDARD = gnu11;
				GCC_NO_COMMON_BLOCKS = YES;
				GCC_WARN_64_TO_32_BIT_CONVERSION = YES;
				GCC_WARN_ABOUT_RETURN_TYPE = YES_ERROR;
				GCC_WARN_UNDECLARED_SELECTOR = YES;
				GCC_WARN_UNINITIALIZED_AUTOS = YES_AGGRESSIVE;
				GCC_WARN_UNUSED_FUNCTION = YES;
				GCC_WARN_UNUSED_VARIABLE = YES;
				IPHONEOS_DEPLOYMENT_TARGET = 15.5;
				MTL_ENABLE_DEBUG_INFO = NO;
				MTL_FAST_MATH = YES;
				SDKROOT = iphoneos;
				SWIFT_COMPILATION_MODE = wholemodule;
				SWIFT_OPTIMIZATION_LEVEL = "-O";
				VALIDATE_PRODUCT = YES;
			};
			name = Release;
		};
		C2B9B8AB28BB46C7002856D3 /* Debug */ = {
			isa = XCBuildConfiguration;
			buildSettings = {
				ASSETCATALOG_COMPILER_APPICON_NAME = AppIcon;
				ASSETCATALOG_COMPILER_GLOBAL_ACCENT_COLOR_NAME = AccentColor;
				CODE_SIGN_STYLE = Automatic;
				CURRENT_PROJECT_VERSION = 1;
				DEVELOPMENT_ASSET_PATHS = "\"GithubDemo/Preview Content\"";
				DEVELOPMENT_TEAM = S5458AA7DS;
				ENABLE_PREVIEWS = YES;
				GENERATE_INFOPLIST_FILE = YES;
				INFOPLIST_KEY_UIApplicationSceneManifest_Generation = YES;
				INFOPLIST_KEY_UIApplicationSupportsIndirectInputEvents = YES;
				INFOPLIST_KEY_UILaunchScreen_Generation = YES;
				INFOPLIST_KEY_UISupportedInterfaceOrientations_iPad = "UIInterfaceOrientationPortrait UIInterfaceOrientationPortraitUpsideDown UIInterfaceOrientationLandscapeLeft UIInterfaceOrientationLandscapeRight";
				INFOPLIST_KEY_UISupportedInterfaceOrientations_iPhone = "UIInterfaceOrientationPortrait UIInterfaceOrientationLandscapeLeft UIInterfaceOrientationLandscapeRight";
				LD_RUNPATH_SEARCH_PATHS = (
					"$(inherited)",
					"@executable_path/Frameworks",
				);
				MARKETING_VERSION = 1.0;
				PRODUCT_BUNDLE_IDENTIFIER = com.peterz.GithubDemo;
				PRODUCT_NAME = "$(TARGET_NAME)";
				SWIFT_EMIT_LOC_STRINGS = YES;
				SWIFT_VERSION = 5.0;
				TARGETED_DEVICE_FAMILY = "1,2";
			};
			name = Debug;
		};
		C2B9B8AC28BB46C7002856D3 /* Release */ = {
			isa = XCBuildConfiguration;
			buildSettings = {
				ASSETCATALOG_COMPILER_APPICON_NAME = AppIcon;
				ASSETCATALOG_COMPILER_GLOBAL_ACCENT_COLOR_NAME = AccentColor;
				CODE_SIGN_STYLE = Automatic;
				CURRENT_PROJECT_VERSION = 1;
				DEVELOPMENT_ASSET_PATHS = "\"GithubDemo/Preview Content\"";
				DEVELOPMENT_TEAM = S5458AA7DS;
				ENABLE_PREVIEWS = YES;
				GENERATE_INFOPLIST_FILE = YES;
				INFOPLIST_KEY_UIApplicationSceneManifest_Generation = YES;
				INFOPLIST_KEY_UIApplicationSupportsIndirectInputEvents = YES;
				INFOPLIST_KEY_UILaunchScreen_Generation = YES;
				INFOPLIST_KEY_UISupportedInterfaceOrientations_iPad = "UIInterfaceOrientationPortrait UIInterfaceOrientationPortraitUpsideDown UIInterfaceOrientationLandscapeLeft UIInterfaceOrientationLandscapeRight";
				INFOPLIST_KEY_UISupportedInterfaceOrientations_iPhone = "UIInterfaceOrientationPortrait UIInterfaceOrientationLandscapeLeft UIInterfaceOrientationLandscapeRight";
				LD_RUNPATH_SEARCH_PATHS = (
					"$(inherited)",
					"@executable_path/Frameworks",
				);
				MARKETING_VERSION = 1.0;
				PRODUCT_BUNDLE_IDENTIFIER = com.peterz.GithubDemo;
				PRODUCT_NAME = "$(TARGET_NAME)";
				SWIFT_EMIT_LOC_STRINGS = YES;
				SWIFT_VERSION = 5.0;
				TARGETED_DEVICE_FAMILY = "1,2";
			};
			name = Release;
		};
/* End XCBuildConfiguration section */

/* Begin XCConfigurationList section */
		C2B9B89728BB46C5002856D3 /* Build configuration list for PBXProject "GithubDemo" */ = {
			isa = XCConfigurationList;
			buildConfigurations = (
				C2B9B8A828BB46C7002856D3 /* Debug */,
				C2B9B8A928BB46C7002856D3 /* Release */,
			);
			defaultConfigurationIsVisible = 0;
			defaultConfigurationName = Release;
		};
		C2B9B8AA28BB46C7002856D3 /* Build configuration list for PBXNativeTarget "GithubDemo" */ = {
			isa = XCConfigurationList;
			buildConfigurations = (
				C2B9B8AB28BB46C7002856D3 /* Debug */,
				C2B9B8AC28BB46C7002856D3 /* Release */,
			);
			defaultConfigurationIsVisible = 0;
			defaultConfigurationName = Release;
		};
/* End XCConfigurationList section */
	};
	rootObject = C2B9B89428BB46C5002856D3 /* Project object */;
}
